<Solution>
  <Folder Name="/src/">
    <Project Path="src/NutriInsights.Domain/NutriInsights.Domain.csproj" />
    <Project Path="src/NutriInsights.Infrastructure/NutriInsights.Infrastructure.csproj" />
    <Project Path="src/NutriInsights.Web/NutriInsights.Web.csproj" />
  </Folder>
  <Folder Name="/tests/">
    <Project Path="tests/NutriInsights.Tests/NutriInsights.Tests.csproj" />
  </Folder>
</Solution>
